
Microsoft Visual Studio Solution File, Format Version 12.00
# Visual Studio Version 17
VisualStudioVersion = 17.3.32901.215
MinimumVisualStudioVersion = 10.0.40219.1
Project("{FAE04EC0-301F-11D3-BF4B-00C04F79EFBC}") = "UniversalTemplates", "UniversalTemplates\src\UniversalTemplates\UniversalTemplates.csproj", "{BC7F67D3-E227-4AC0-8203-85659C9FCE3E}"
EndProject
Project("{FAE04EC0-301F-11D3-BF4B-00C04F79EFBC}") = "UniversalTemplates.Tests", "UniversalTemplates\src\UniversalTemplates.Tests\UniversalTemplates.Tests.csproj", "{45F1C7E9-ABC6-48F2-A40F-D431A319ED14}"
EndProject
Global
	GlobalSection(SolutionConfigurationPlatforms) = preSolution
		Debug|Any CPU = Debug|Any CPU
		Release|Any CPU = Release|Any CPU
	EndGlobalSection
	GlobalSection(ProjectConfigurationPlatforms) = postSolution
		{BC7F67D3-E227-4AC0-8203-85659C9FCE3E}.Debug|Any CPU.ActiveCfg = Debug|Any CPU
		{BC7F67D3-E227-4AC0-8203-85659C9FCE3E}.Debug|Any CPU.Build.0 = Debug|Any CPU
		{BC7F67D3-E227-4AC0-8203-85659C9FCE3E}.Release|Any CPU.ActiveCfg = Release|Any CPU
		{BC7F67D3-E227-4AC0-8203-85659C9FCE3E}.Release|Any CPU.Build.0 = Release|Any CPU
		{45F1C7E9-ABC6-48F2-A40F-D431A319ED14}.Debug|Any CPU.ActiveCfg = Debug|Any CPU
		{45F1C7E9-ABC6-48F2-A40F-D431A319ED14}.Debug|Any CPU.Build.0 = Debug|Any CPU
		{45F1C7E9-ABC6-48F2-A40F-D431A319ED14}.Release|Any CPU.ActiveCfg = Release|Any CPU
		{45F1C7E9-ABC6-48F2-A40F-D431A319ED14}.Release|Any CPU.Build.0 = Release|Any CPU
	EndGlobalSection
	GlobalSection(SolutionProperties) = preSolution
		HideSolutionNode = FALSE
	EndGlobalSection
	GlobalSection(ExtensibilityGlobals) = postSolution
		SolutionGuid = {87BE172D-4711-419E-99F4-90EBED86E4D7}
	EndGlobalSection
EndGlobal
